{"filter":false,"title":"Gemfile.lock","tooltip":"/Bookers2/Gemfile.lock","undoManager":{"mark":-1,"position":-1,"stack":[]},"ace":{"folds":[],"scrolltop":3017,"scrollleft":0,"selection":{"start":{"row":0,"column":0},"end":{"row":0,"column":0},"isBackwards":false},"options":{"guessTabSize":true,"useWrapMode":false,"wrapToView":true},"firstLineState":{"row":187,"state":"start","mode":"ace/mode/text"}},"timestamp":1603026554817,"hash":"95f91d43bdefb6bde390fd57bbc3ce5ccb2e8bb4"}